
Microsoft Visual Studio Solution File, Format Version 12.00
# Visual Studio Version 17
VisualStudioVersion = 17.3.32819.101
MinimumVisualStudioVersion = 10.0.40219.1
Project("{9A19103F-16F7-4668-BE54-9A1E7A4F7556}") = "DeskBooker.Core.Test", "DeskBooker.Core.Test\DeskBooker.Core.Test.csproj", "{2A42062D-2ED6-4398-A401-001FA85140D3}"
EndProject
Project("{FAE04EC0-301F-11D3-BF4B-00C04F79EFBC}") = "DeskBooker.Core", "DeskBooker.Core\DeskBooker.Core.csproj", "{D8A6F71D-F20B-46E9-9370-CA221419BAFC}"
EndProject
Global
	GlobalSection(SolutionConfigurationPlatforms) = preSolution
		Debug|Any CPU = Debug|Any CPU
		Release|Any CPU = Release|Any CPU
	EndGlobalSection
	GlobalSection(ProjectConfigurationPlatforms) = postSolution
		{2A42062D-2ED6-4398-A401-001FA85140D3}.Debug|Any CPU.ActiveCfg = Debug|Any CPU
		{2A42062D-2ED6-4398-A401-001FA85140D3}.Debug|Any CPU.Build.0 = Debug|Any CPU
		{2A42062D-2ED6-4398-A401-001FA85140D3}.Release|Any CPU.ActiveCfg = Release|Any CPU
		{2A42062D-2ED6-4398-A401-001FA85140D3}.Release|Any CPU.Build.0 = Release|Any CPU
		{D8A6F71D-F20B-46E9-9370-CA221419BAFC}.Debug|Any CPU.ActiveCfg = Debug|Any CPU
		{D8A6F71D-F20B-46E9-9370-CA221419BAFC}.Debug|Any CPU.Build.0 = Debug|Any CPU
		{D8A6F71D-F20B-46E9-9370-CA221419BAFC}.Release|Any CPU.ActiveCfg = Release|Any CPU
		{D8A6F71D-F20B-46E9-9370-CA221419BAFC}.Release|Any CPU.Build.0 = Release|Any CPU
	EndGlobalSection
	GlobalSection(SolutionProperties) = preSolution
		HideSolutionNode = FALSE
	EndGlobalSection
	GlobalSection(ExtensibilityGlobals) = postSolution
		SolutionGuid = {C662D62B-4B0D-4AEC-8038-D229B513BE91}
	EndGlobalSection
EndGlobal
